PODS:
  - Alamofire (5.6.1)
  - Locksmith (4.0.0)
  - Moya/Combine (15.0.0):
    - Moya/Core
  - Moya/Core (15.0.0):
    - Alamofire (~> 5.0)
  - Realm (10.28.2):
    - Realm/Headers (= 10.28.2)
  - Realm/Headers (10.28.2)
  - RealmSwift (10.28.2):
    - Realm (= 10.28.2)
  - SwiftyVK (3.4.2)

DEPENDENCIES:
  - Locksmith
  - Moya/Combine (~> 15.0)
  - RealmSwift
  - SwiftyVK

SPEC REPOS:
  trunk:
    - Alamofire
    - Locksmith
    - Moya
    - Realm
    - RealmSwift
    - SwiftyVK

SPEC CHECKSUMS:
  Alamofire: 87bd8c952f9a4454320fce00d9cc3de57bcadaf5
  Locksmith: e9bebbaaa4cee3c511bc358a44f843c3fe00e21f
  Moya: 138f0573e53411fb3dc17016add0b748dfbd78ee
  Realm: e617c54ad0f566b3d0f6a2abae7010de05f252ac
  RealmSwift: 8a516a8759d80d52ebcec1ff1076f5f5159f98b2
  SwiftyVK: 5005dac6e85f7b0fd44e21ed2f021a397dff4cab

PODFILE CHECKSUM: 8251fe84d913a2361841cabc123b698e7ee774a6

COCOAPODS: 1.11.3
