// !$*UTF8*$!
{
	archiveVersion = 1;
	classes = {
	};
	objectVersion = 55;
	objects = {

/* Begin PBXBuildFile section */
		3B19643E28721CEC00648DD3 /* Registration.swift in Sources */ = {isa = PBXBuildFile; fileRef = 3B19643D28721CEC00648DD3 /* Registration.swift */; };
		3B19644028721D1C00648DD3 /* WeatherGeneral.swift in Sources */ = {isa = PBXBuildFile; fileRef = 3B19643F28721D1C00648DD3 /* WeatherGeneral.swift */; };
		3B19644228721D2900648DD3 /* WeatherDetail.swift in Sources */ = {isa = PBXBuildFile; fileRef = 3B19644128721D2900648DD3 /* WeatherDetail.swift */; };
		3B493A3B287EEAE400A1C534 /* WeatherGeneralViewModel.swift in Sources */ = {isa = PBXBuildFile; fileRef = 3B493A3A287EEAE400A1C534 /* WeatherGeneralViewModel.swift */; };
		3B5725A8286228F8009FA225 /* WeatherApp.swift in Sources */ = {isa = PBXBuildFile; fileRef = 3B5725A7286228F8009FA225 /* WeatherApp.swift */; };
		3B5725AA286228F8009FA225 /* Authorization.swift in Sources */ = {isa = PBXBuildFile; fileRef = 3B5725A9286228F8009FA225 /* Authorization.swift */; };
		3B5725AC286228F9009FA225 /* Assets.xcassets in Resources */ = {isa = PBXBuildFile; fileRef = 3B5725AB286228F9009FA225 /* Assets.xcassets */; };
		3B5725AF286228F9009FA225 /* Preview Assets.xcassets in Resources */ = {isa = PBXBuildFile; fileRef = 3B5725AE286228F9009FA225 /* Preview Assets.xcassets */; };
		3BB19855287325AA0072D0D8 /* Fonts in Resources */ = {isa = PBXBuildFile; fileRef = 3BB19854287325AA0072D0D8 /* Fonts */; };
		3BB1985728732CDA0072D0D8 /* UserModel.swift in Sources */ = {isa = PBXBuildFile; fileRef = 3BB1985628732CDA0072D0D8 /* UserModel.swift */; };
		3BB1985928732DF40072D0D8 /* UserViewModel.swift in Sources */ = {isa = PBXBuildFile; fileRef = 3BB1985828732DF30072D0D8 /* UserViewModel.swift */; };
		3BEBEF42287B05ED00929204 /* LocationManager.swift in Sources */ = {isa = PBXBuildFile; fileRef = 3BEBEF41287B05ED00929204 /* LocationManager.swift */; };
		3BEBEF44287B160500929204 /* ApiModel.swift in Sources */ = {isa = PBXBuildFile; fileRef = 3BEBEF43287B160400929204 /* ApiModel.swift */; };
		618E5BFCFE09785DEC23E708 /* Pods_Weather.framework in Frameworks */ = {isa = PBXBuildFile; fileRef = 12BFFA7A52FD2A8EB7A16E5C /* Pods_Weather.framework */; };
/* End PBXBuildFile section */

/* Begin PBXFileReference section */
		12BFFA7A52FD2A8EB7A16E5C /* Pods_Weather.framework */ = {isa = PBXFileReference; explicitFileType = wrapper.framework; includeInIndex = 0; path = Pods_Weather.framework; sourceTree = BUILT_PRODUCTS_DIR; };
		2059C43D1F3582119422A7AC /* Pods-Weather.debug.xcconfig */ = {isa = PBXFileReference; includeInIndex = 1; lastKnownFileType = text.xcconfig; name = "Pods-Weather.debug.xcconfig"; path = "Target Support Files/Pods-Weather/Pods-Weather.debug.xcconfig"; sourceTree = "<group>"; };
		3B19643D28721CEC00648DD3 /* Registration.swift */ = {isa = PBXFileReference; lastKnownFileType = sourcecode.swift; path = Registration.swift; sourceTree = "<group>"; };
		3B19643F28721D1C00648DD3 /* WeatherGeneral.swift */ = {isa = PBXFileReference; lastKnownFileType = sourcecode.swift; path = WeatherGeneral.swift; sourceTree = "<group>"; };
		3B19644128721D2900648DD3 /* WeatherDetail.swift */ = {isa = PBXFileReference; lastKnownFileType = sourcecode.swift; path = WeatherDetail.swift; sourceTree = "<group>"; };
		3B493A3A287EEAE400A1C534 /* WeatherGeneralViewModel.swift */ = {isa = PBXFileReference; fileEncoding = 4; lastKnownFileType = sourcecode.swift; path = WeatherGeneralViewModel.swift; sourceTree = "<group>"; };
		3B5725A4286228F8009FA225 /* Weather.app */ = {isa = PBXFileReference; explicitFileType = wrapper.application; includeInIndex = 0; path = Weather.app; sourceTree = BUILT_PRODUCTS_DIR; };
		3B5725A7286228F8009FA225 /* WeatherApp.swift */ = {isa = PBXFileReference; lastKnownFileType = sourcecode.swift; path = WeatherApp.swift; sourceTree = "<group>"; };
		3B5725A9286228F8009FA225 /* Authorization.swift */ = {isa = PBXFileReference; lastKnownFileType = sourcecode.swift; path = Authorization.swift; sourceTree = "<group>"; };
		3B5725AB286228F9009FA225 /* Assets.xcassets */ = {isa = PBXFileReference; lastKnownFileType = folder.assetcatalog; path = Assets.xcassets; sourceTree = "<group>"; };
		3B5725AE286228F9009FA225 /* Preview Assets.xcassets */ = {isa = PBXFileReference; lastKnownFileType = folder.assetcatalog; path = "Preview Assets.xcassets"; sourceTree = "<group>"; };
		3BB19853287325900072D0D8 /* Info.plist */ = {isa = PBXFileReference; lastKnownFileType = text.plist.xml; path = Info.plist; sourceTree = "<group>"; };
		3BB19854287325AA0072D0D8 /* Fonts */ = {isa = PBXFileReference; lastKnownFileType = folder; path = Fonts; sourceTree = "<group>"; };
		3BB1985628732CDA0072D0D8 /* UserModel.swift */ = {isa = PBXFileReference; lastKnownFileType = sourcecode.swift; path = UserModel.swift; sourceTree = "<group>"; };
		3BB1985828732DF30072D0D8 /* UserViewModel.swift */ = {isa = PBXFileReference; lastKnownFileType = sourcecode.swift; path = UserViewModel.swift; sourceTree = "<group>"; };
		3BEBEF41287B05ED00929204 /* LocationManager.swift */ = {isa = PBXFileReference; lastKnownFileType = sourcecode.swift; path = LocationManager.swift; sourceTree = "<group>"; };
		3BEBEF43287B160400929204 /* ApiModel.swift */ = {isa = PBXFileReference; lastKnownFileType = sourcecode.swift; path = ApiModel.swift; sourceTree = "<group>"; };
		479DD87FBAB8520CCD6030EC /* Pods-Weather.release.xcconfig */ = {isa = PBXFileReference; includeInIndex = 1; lastKnownFileType = text.xcconfig; name = "Pods-Weather.release.xcconfig"; path = "Target Support Files/Pods-Weather/Pods-Weather.release.xcconfig"; sourceTree = "<group>"; };
/* End PBXFileReference section */

/* Begin PBXFrameworksBuildPhase section */
		3B5725A1286228F8009FA225 /* Frameworks */ = {
			isa = PBXFrameworksBuildPhase;
			buildActionMask = 2147483647;
			files = (
				618E5BFCFE09785DEC23E708 /* Pods_Weather.framework in Frameworks */,
			);
			runOnlyForDeploymentPostprocessing = 0;
		};
/* End PBXFrameworksBuildPhase section */

/* Begin PBXGroup section */
		3B19643A287219A900648DD3 /* Views */ = {
			isa = PBXGroup;
			children = (
				3B5725A9286228F8009FA225 /* Authorization.swift */,
				3B19643D28721CEC00648DD3 /* Registration.swift */,
				3B19643F28721D1C00648DD3 /* WeatherGeneral.swift */,
				3B19644128721D2900648DD3 /* WeatherDetail.swift */,
			);
			path = Views;
			sourceTree = "<group>";
		};
		3B19643B287219BC00648DD3 /* ViewModels */ = {
			isa = PBXGroup;
			children = (
				3BB1985828732DF30072D0D8 /* UserViewModel.swift */,
				3B493A3A287EEAE400A1C534 /* WeatherGeneralViewModel.swift */,
			);
			path = ViewModels;
			sourceTree = "<group>";
		};
		3B19643C28721A1100648DD3 /* Models */ = {
			isa = PBXGroup;
			children = (
				3BB1985628732CDA0072D0D8 /* UserModel.swift */,
				3BEBEF43287B160400929204 /* ApiModel.swift */,
			);
			path = Models;
			sourceTree = "<group>";
		};
		3B57259B286228F8009FA225 = {
			isa = PBXGroup;
			children = (
				3B5725A6286228F8009FA225 /* Weather */,
				3B5725A5286228F8009FA225 /* Products */,
				88DA630774F6B2AF24662B55 /* Pods */,
				E8C1A2613CBCC47E06374C8E /* Frameworks */,
			);
			sourceTree = "<group>";
		};
		3B5725A5286228F8009FA225 /* Products */ = {
			isa = PBXGroup;
			children = (
				3B5725A4286228F8009FA225 /* Weather.app */,
			);
			name = Products;
			sourceTree = "<group>";
		};
		3B5725A6286228F8009FA225 /* Weather */ = {
			isa = PBXGroup;
			children = (
				3BEBEF40287B03A000929204 /* Location */,
				3BB19854287325AA0072D0D8 /* Fonts */,
				3BB19853287325900072D0D8 /* Info.plist */,
				3B19643C28721A1100648DD3 /* Models */,
				3B19643B287219BC00648DD3 /* ViewModels */,
				3B19643A287219A900648DD3 /* Views */,
				3B5725A7286228F8009FA225 /* WeatherApp.swift */,
				3B5725AB286228F9009FA225 /* Assets.xcassets */,
				3B5725AD286228F9009FA225 /* Preview Content */,
			);
			path = Weather;
			sourceTree = "<group>";
		};
		3B5725AD286228F9009FA225 /* Preview Content */ = {
			isa = PBXGroup;
			children = (
				3B5725AE286228F9009FA225 /* Preview Assets.xcassets */,
			);
			path = "Preview Content";
			sourceTree = "<group>";
		};
		3BEBEF40287B03A000929204 /* Location */ = {
			isa = PBXGroup;
			children = (
				3BEBEF41287B05ED00929204 /* LocationManager.swift */,
			);
			path = Location;
			sourceTree = "<group>";
		};
		88DA630774F6B2AF24662B55 /* Pods */ = {
			isa = PBXGroup;
			children = (
				2059C43D1F3582119422A7AC /* Pods-Weather.debug.xcconfig */,
				479DD87FBAB8520CCD6030EC /* Pods-Weather.release.xcconfig */,
			);
			path = Pods;
			sourceTree = "<group>";
		};
		E8C1A2613CBCC47E06374C8E /* Frameworks */ = {
			isa = PBXGroup;
			children = (
				12BFFA7A52FD2A8EB7A16E5C /* Pods_Weather.framework */,
			);
			name = Frameworks;
			sourceTree = "<group>";
		};
/* End PBXGroup section */

/* Begin PBXNativeTarget section */
		3B5725A3286228F8009FA225 /* Weather */ = {
			isa = PBXNativeTarget;
			buildConfigurationList = 3B5725B2286228F9009FA225 /* Build configuration list for PBXNativeTarget "Weather" */;
			buildPhases = (
				57945BAF80E7F206F57DFE5B /* [CP] Check Pods Manifest.lock */,
				3BA2325328662D4900ECCF40 /* ShellScript */,
				3B5725A0286228F8009FA225 /* Sources */,
				3B5725A1286228F8009FA225 /* Frameworks */,
				3B5725A2286228F8009FA225 /* Resources */,
				A81DCBE2E64DA477063066D7 /* [CP] Embed Pods Frameworks */,
			);
			buildRules = (
			);
			dependencies = (
			);
			name = Weather;
			productName = Weather;
			productReference = 3B5725A4286228F8009FA225 /* Weather.app */;
			productType = "com.apple.product-type.application";
		};
/* End PBXNativeTarget section */

/* Begin PBXProject section */
		3B57259C286228F8009FA225 /* Project object */ = {
			isa = PBXProject;
			attributes = {
				BuildIndependentTargetsInParallel = 1;
				LastSwiftUpdateCheck = 1340;
				LastUpgradeCheck = 1340;
				TargetAttributes = {
					3B5725A3286228F8009FA225 = {
						CreatedOnToolsVersion = 13.4.1;
					};
				};
			};
			buildConfigurationList = 3B57259F286228F8009FA225 /* Build configuration list for PBXProject "Weather" */;
			compatibilityVersion = "Xcode 13.0";
			developmentRegion = en;
			hasScannedForEncodings = 0;
			knownRegions = (
				en,
				Base,
			);
			mainGroup = 3B57259B286228F8009FA225;
			productRefGroup = 3B5725A5286228F8009FA225 /* Products */;
			projectDirPath = "";
			projectRoot = "";
			targets = (
				3B5725A3286228F8009FA225 /* Weather */,
			);
		};
/* End PBXProject section */

/* Begin PBXResourcesBuildPhase section */
		3B5725A2286228F8009FA225 /* Resources */ = {
			isa = PBXResourcesBuildPhase;
			buildActionMask = 2147483647;
			files = (
				3BB19855287325AA0072D0D8 /* Fonts in Resources */,
				3B5725AF286228F9009FA225 /* Preview Assets.xcassets in Resources */,
				3B5725AC286228F9009FA225 /* Assets.xcassets in Resources */,
			);
			runOnlyForDeploymentPostprocessing = 0;
		};
/* End PBXResourcesBuildPhase section */

/* Begin PBXShellScriptBuildPhase section */
		3BA2325328662D4900ECCF40 /* ShellScript */ = {
			isa = PBXShellScriptBuildPhase;
			buildActionMask = 2147483647;
			files = (
			);
			inputFileListPaths = (
			);
			inputPaths = (
			);
			outputFileListPaths = (
			);
			outputPaths = (
			);
			runOnlyForDeploymentPostprocessing = 0;
			shellPath = /bin/sh;
			shellScript = "if which swiftlint > /dev/null; then\n  swiftlint\nelse\n  echo \"warning: SwiftLint not installed, download from https://github.com/realm/SwiftLint\"\nfi\n";
		};
		57945BAF80E7F206F57DFE5B /* [CP] Check Pods Manifest.lock */ = {
			isa = PBXShellScriptBuildPhase;
			buildActionMask = 2147483647;
			files = (
			);
			inputFileListPaths = (
			);
			inputPaths = (
				"${PODS_PODFILE_DIR_PATH}/Podfile.lock",
				"${PODS_ROOT}/Manifest.lock",
			);
			name = "[CP] Check Pods Manifest.lock";
			outputFileListPaths = (
			);
			outputPaths = (
				"$(DERIVED_FILE_DIR)/Pods-Weather-checkManifestLockResult.txt",
			);
			runOnlyForDeploymentPostprocessing = 0;
			shellPath = /bin/sh;
			shellScript = "diff \"${PODS_PODFILE_DIR_PATH}/Podfile.lock\" \"${PODS_ROOT}/Manifest.lock\" > /dev/null\nif [ $? != 0 ] ; then\n    # print error to STDERR\n    echo \"error: The sandbox is not in sync with the Podfile.lock. Run 'pod install' or update your CocoaPods installation.\" >&2\n    exit 1\nfi\n# This output is used by Xcode 'outputs' to avoid re-running this script phase.\necho \"SUCCESS\" > \"${SCRIPT_OUTPUT_FILE_0}\"\n";
			showEnvVarsInLog = 0;
		};
		A81DCBE2E64DA477063066D7 /* [CP] Embed Pods Frameworks */ = {
			isa = PBXShellScriptBuildPhase;
			buildActionMask = 12;
			files = (
			);
			inputFileListPaths = (
				"${PODS_ROOT}/Target Support Files/Pods-Weather/Pods-Weather-frameworks-${CONFIGURATION}-input-files.xcfilelist",
			);
			name = "[CP] Embed Pods Frameworks";
			outputFileListPaths = (
				"${PODS_ROOT}/Target Support Files/Pods-Weather/Pods-Weather-frameworks-${CONFIGURATION}-output-files.xcfilelist",
			);
			runOnlyForDeploymentPostprocessing = 0;
			shellPath = /bin/sh;
			shellScript = "\"${PODS_ROOT}/Target Support Files/Pods-Weather/Pods-Weather-frameworks.sh\"\n";
		};
/* End PBXShellScriptBuildPhase section */

/* Begin PBXSourcesBuildPhase section */
		3B5725A0286228F8009FA225 /* Sources */ = {
			isa = PBXSourcesBuildPhase;
			buildActionMask = 2147483647;
			files = (
				3B5725AA286228F8009FA225 /* Authorization.swift in Sources */,
				3B19644228721D2900648DD3 /* WeatherDetail.swift in Sources */,
				3B19644028721D1C00648DD3 /* WeatherGeneral.swift in Sources */,
				3B19643E28721CEC00648DD3 /* Registration.swift in Sources */,
				3B493A3B287EEAE400A1C534 /* WeatherGeneralViewModel.swift in Sources */,
				3BEBEF42287B05ED00929204 /* LocationManager.swift in Sources */,
				3BB1985728732CDA0072D0D8 /* UserModel.swift in Sources */,
				3BB1985928732DF40072D0D8 /* UserViewModel.swift in Sources */,
				3BEBEF44287B160500929204 /* ApiModel.swift in Sources */,
				3B5725A8286228F8009FA225 /* WeatherApp.swift in Sources */,
			);
			runOnlyForDeploymentPostprocessing = 0;
		};
/* End PBXSourcesBuildPhase section */

/* Begin XCBuildConfiguration section */
		3B5725B0286228F9009FA225 /* Debug */ = {
			isa = XCBuildConfiguration;
			buildSettings = {
				ALWAYS_SEARCH_USER_PATHS = NO;
				CLANG_ANALYZER_NONNULL = YES;
				CLANG_ANALYZER_NUMBER_OBJECT_CONVERSION = YES_AGGRESSIVE;
				CLANG_CXX_LANGUAGE_STANDARD = "gnu++17";
				CLANG_ENABLE_MODULES = YES;
				CLANG_ENABLE_OBJC_ARC = YES;
				CLANG_ENABLE_OBJC_WEAK = YES;
				CLANG_WARN_BLOCK_CAPTURE_AUTORELEASING = YES;
				CLANG_WARN_BOOL_CONVERSION = YES;
				CLANG_WARN_COMMA = YES;
				CLANG_WARN_CONSTANT_CONVERSION = YES;
				CLANG_WARN_DEPRECATED_OBJC_IMPLEMENTATIONS = YES;
				CLANG_WARN_DIRECT_OBJC_ISA_USAGE = YES_ERROR;
				CLANG_WARN_DOCUMENTATION_COMMENTS = YES;
				CLANG_WARN_EMPTY_BODY = YES;
				CLANG_WARN_ENUM_CONVERSION = YES;
				CLANG_WARN_INFINITE_RECURSION = YES;
				CLANG_WARN_INT_CONVERSION = YES;
				CLANG_WARN_NON_LITERAL_NULL_CONVERSION = YES;
				CLANG_WARN_OBJC_IMPLICIT_RETAIN_SELF = YES;
				CLANG_WARN_OBJC_LITERAL_CONVERSION = YES;
				CLANG_WARN_OBJC_ROOT_CLASS = YES_ERROR;
				CLANG_WARN_QUOTED_INCLUDE_IN_FRAMEWORK_HEADER = YES;
				CLANG_WARN_RANGE_LOOP_ANALYSIS = YES;
				CLANG_WARN_STRICT_PROTOTYPES = YES;
				CLANG_WARN_SUSPICIOUS_MOVE = YES;
				CLANG_WARN_UNGUARDED_AVAILABILITY = YES_AGGRESSIVE;
				CLANG_WARN_UNREACHABLE_CODE = YES;
				CLANG_WARN__DUPLICATE_METHOD_MATCH = YES;
				COPY_PHASE_STRIP = NO;
				DEBUG_INFORMATION_FORMAT = dwarf;
				ENABLE_STRICT_OBJC_MSGSEND = YES;
				ENABLE_TESTABILITY = YES;
				GCC_C_LANGUAGE_STANDARD = gnu11;
				GCC_DYNAMIC_NO_PIC = NO;
				GCC_NO_COMMON_BLOCKS = YES;
				GCC_OPTIMIZATION_LEVEL = 0;
				GCC_PREPROCESSOR_DEFINITIONS = (
					"DEBUG=1",
					"$(inherited)",
				);
				GCC_WARN_64_TO_32_BIT_CONVERSION = YES;
				GCC_WARN_ABOUT_RETURN_TYPE = YES_ERROR;
				GCC_WARN_UNDECLARED_SELECTOR = YES;
				GCC_WARN_UNINITIALIZED_AUTOS = YES_AGGRESSIVE;
				GCC_WARN_UNUSED_FUNCTION = YES;
				GCC_WARN_UNUSED_VARIABLE = YES;
				IPHONEOS_DEPLOYMENT_TARGET = 15.5;
				MTL_ENABLE_DEBUG_INFO = INCLUDE_SOURCE;
				MTL_FAST_MATH = YES;
				ONLY_ACTIVE_ARCH = YES;
				SDKROOT = iphoneos;
				SWIFT_ACTIVE_COMPILATION_CONDITIONS = DEBUG;
				SWIFT_OPTIMIZATION_LEVEL = "-Onone";
			};
			name = Debug;
		};
		3B5725B1286228F9009FA225 /* Release */ = {
			isa = XCBuildConfiguration;
			buildSettings = {
				ALWAYS_SEARCH_USER_PATHS = NO;
				CLANG_ANALYZER_NONNULL = YES;
				CLANG_ANALYZER_NUMBER_OBJECT_CONVERSION = YES_AGGRESSIVE;
				CLANG_CXX_LANGUAGE_STANDARD = "gnu++17";
				CLANG_ENABLE_MODULES = YES;
				CLANG_ENABLE_OBJC_ARC = YES;
				CLANG_ENABLE_OBJC_WEAK = YES;
				CLANG_WARN_BLOCK_CAPTURE_AUTORELEASING = YES;
				CLANG_WARN_BOOL_CONVERSION = YES;
				CLANG_WARN_COMMA = YES;
				CLANG_WARN_CONSTANT_CONVERSION = YES;
				CLANG_WARN_DEPRECATED_OBJC_IMPLEMENTATIONS = YES;
				CLANG_WARN_DIRECT_OBJC_ISA_USAGE = YES_ERROR;
				CLANG_WARN_DOCUMENTATION_COMMENTS = YES;
				CLANG_WARN_EMPTY_BODY = YES;
				CLANG_WARN_ENUM_CONVERSION = YES;
				CLANG_WARN_INFINITE_RECURSION = YES;
				CLANG_WARN_INT_CONVERSION = YES;
				CLANG_WARN_NON_LITERAL_NULL_CONVERSION = YES;
				CLANG_WARN_OBJC_IMPLICIT_RETAIN_SELF = YES;
				CLANG_WARN_OBJC_LITERAL_CONVERSION = YES;
				CLANG_WARN_OBJC_ROOT_CLASS = YES_ERROR;
				CLANG_WARN_QUOTED_INCLUDE_IN_FRAMEWORK_HEADER = YES;
				CLANG_WARN_RANGE_LOOP_ANALYSIS = YES;
				CLANG_WARN_STRICT_PROTOTYPES = YES;
				CLANG_WARN_SUSPICIOUS_MOVE = YES;
				CLANG_WARN_UNGUARDED_AVAILABILITY = YES_AGGRESSIVE;
				CLANG_WARN_UNREACHABLE_CODE = YES;
				CLANG_WARN__DUPLICATE_METHOD_MATCH = YES;
				COPY_PHASE_STRIP = NO;
				DEBUG_INFORMATION_FORMAT = "dwarf-with-dsym";
				ENABLE_NS_ASSERTIONS = NO;
				ENABLE_STRICT_OBJC_MSGSEND = YES;
				GCC_C_LANGUAGE_STANDARD = gnu11;
				GCC_NO_COMMON_BLOCKS = YES;
				GCC_WARN_64_TO_32_BIT_CONVERSION = YES;
				GCC_WARN_ABOUT_RETURN_TYPE = YES_ERROR;
				GCC_WARN_UNDECLARED_SELECTOR = YES;
				GCC_WARN_UNINITIALIZED_AUTOS = YES_AGGRESSIVE;
				GCC_WARN_UNUSED_FUNCTION = YES;
				GCC_WARN_UNUSED_VARIABLE = YES;
				IPHONEOS_DEPLOYMENT_TARGET = 15.5;
				MTL_ENABLE_DEBUG_INFO = NO;
				MTL_FAST_MATH = YES;
				SDKROOT = iphoneos;
				SWIFT_COMPILATION_MODE = wholemodule;
				SWIFT_OPTIMIZATION_LEVEL = "-O";
				VALIDATE_PRODUCT = YES;
			};
			name = Release;
		};
		3B5725B3286228F9009FA225 /* Debug */ = {
			isa = XCBuildConfiguration;
			baseConfigurationReference = 2059C43D1F3582119422A7AC /* Pods-Weather.debug.xcconfig */;
			buildSettings = {
				ASSETCATALOG_COMPILER_APPICON_NAME = AppIcon;
				ASSETCATALOG_COMPILER_GLOBAL_ACCENT_COLOR_NAME = AccentColor;
				CODE_SIGN_STYLE = Automatic;
				CURRENT_PROJECT_VERSION = 1;
				DEVELOPMENT_ASSET_PATHS = "\"Weather/Preview Content\"";
				DEVELOPMENT_TEAM = 67R24UQ82P;
				ENABLE_PREVIEWS = YES;
				GENERATE_INFOPLIST_FILE = YES;
				INFOPLIST_FILE = Weather/Info.plist;
				INFOPLIST_KEY_NSLocationWhenInUseUsageDescription = "Используется для отображения погоды для текущего местоположения";
				INFOPLIST_KEY_UIApplicationSceneManifest_Generation = YES;
				INFOPLIST_KEY_UIApplicationSupportsIndirectInputEvents = YES;
				INFOPLIST_KEY_UILaunchScreen_Generation = YES;
				INFOPLIST_KEY_UISupportedInterfaceOrientations_iPad = "UIInterfaceOrientationPortrait UIInterfaceOrientationPortraitUpsideDown UIInterfaceOrientationLandscapeLeft UIInterfaceOrientationLandscapeRight";
				INFOPLIST_KEY_UISupportedInterfaceOrientations_iPhone = "UIInterfaceOrientationPortrait UIInterfaceOrientationLandscapeLeft UIInterfaceOrientationLandscapeRight";
				INFOPLIST_KEY_UIUserInterfaceStyle = Light;
				LD_RUNPATH_SEARCH_PATHS = (
					"$(inherited)",
					"@executable_path/Frameworks",
				);
				MARKETING_VERSION = 1.0;
				ONLY_ACTIVE_ARCH = YES;
				PRODUCT_BUNDLE_IDENTIFIER = com.dosherak.Weather;
				PRODUCT_NAME = "$(TARGET_NAME)";
				SWIFT_EMIT_LOC_STRINGS = YES;
				SWIFT_VERSION = 5.0;
				TARGETED_DEVICE_FAMILY = "1,2";
			};
			name = Debug;
		};
		3B5725B4286228F9009FA225 /* Release */ = {
			isa = XCBuildConfiguration;
			baseConfigurationReference = 479DD87FBAB8520CCD6030EC /* Pods-Weather.release.xcconfig */;
			buildSettings = {
				ASSETCATALOG_COMPILER_APPICON_NAME = AppIcon;
				ASSETCATALOG_COMPILER_GLOBAL_ACCENT_COLOR_NAME = AccentColor;
				CODE_SIGN_STYLE = Automatic;
				CURRENT_PROJECT_VERSION = 1;
				DEVELOPMENT_ASSET_PATHS = "\"Weather/Preview Content\"";
				DEVELOPMENT_TEAM = 67R24UQ82P;
				ENABLE_PREVIEWS = YES;
				GENERATE_INFOPLIST_FILE = YES;
				INFOPLIST_FILE = Weather/Info.plist;
				INFOPLIST_KEY_NSLocationWhenInUseUsageDescription = "Используется для отображения погоды для текущего местоположения";
				INFOPLIST_KEY_UIApplicationSceneManifest_Generation = YES;
				INFOPLIST_KEY_UIApplicationSupportsIndirectInputEvents = YES;
				INFOPLIST_KEY_UILaunchScreen_Generation = YES;
				INFOPLIST_KEY_UISupportedInterfaceOrientations_iPad = "UIInterfaceOrientationPortrait UIInterfaceOrientationPortraitUpsideDown UIInterfaceOrientationLandscapeLeft UIInterfaceOrientationLandscapeRight";
				INFOPLIST_KEY_UISupportedInterfaceOrientations_iPhone = "UIInterfaceOrientationPortrait UIInterfaceOrientationLandscapeLeft UIInterfaceOrientationLandscapeRight";
				INFOPLIST_KEY_UIUserInterfaceStyle = Light;
				LD_RUNPATH_SEARCH_PATHS = (
					"$(inherited)",
					"@executable_path/Frameworks",
				);
				MARKETING_VERSION = 1.0;
				PRODUCT_BUNDLE_IDENTIFIER = com.dosherak.Weather;
				PRODUCT_NAME = "$(TARGET_NAME)";
				SWIFT_EMIT_LOC_STRINGS = YES;
				SWIFT_VERSION = 5.0;
				TARGETED_DEVICE_FAMILY = "1,2";
			};
			name = Release;
		};
/* End XCBuildConfiguration section */

/* Begin XCConfigurationList section */
		3B57259F286228F8009FA225 /* Build configuration list for PBXProject "Weather" */ = {
			isa = XCConfigurationList;
			buildConfigurations = (
				3B5725B0286228F9009FA225 /* Debug */,
				3B5725B1286228F9009FA225 /* Release */,
			);
			defaultConfigurationIsVisible = 0;
			defaultConfigurationName = Release;
		};
		3B5725B2286228F9009FA225 /* Build configuration list for PBXNativeTarget "Weather" */ = {
			isa = XCConfigurationList;
			buildConfigurations = (
				3B5725B3286228F9009FA225 /* Debug */,
				3B5725B4286228F9009FA225 /* Release */,
			);
			defaultConfigurationIsVisible = 0;
			defaultConfigurationName = Release;
		};
/* End XCConfigurationList section */
	};
	rootObject = 3B57259C286228F8009FA225 /* Project object */;
}
